
Microsoft Visual Studio Solution File, Format Version 12.00
# Visual Studio Version 16
VisualStudioVersion = 16.0.31019.35
MinimumVisualStudioVersion = 10.0.40219.1
Project("{FAE04EC0-301F-11D3-BF4B-00C04F79EFBC}") = "StoreApp.WebUI", "StoreApp.WebUI\StoreApp.WebUI.csproj", "{38BE291C-E536-4E0E-B620-631886952562}"
EndProject
Global
	GlobalSection(SolutionConfigurationPlatforms) = preSolution
		Debug|Any CPU = Debug|Any CPU
		Release|Any CPU = Release|Any CPU
	EndGlobalSection
	GlobalSection(ProjectConfigurationPlatforms) = postSolution
		{38BE291C-E536-4E0E-B620-631886952562}.Debug|Any CPU.ActiveCfg = Debug|Any CPU
		{38BE291C-E536-4E0E-B620-631886952562}.Debug|Any CPU.Build.0 = Debug|Any CPU
		{38BE291C-E536-4E0E-B620-631886952562}.Release|Any CPU.ActiveCfg = Release|Any CPU
		{38BE291C-E536-4E0E-B620-631886952562}.Release|Any CPU.Build.0 = Release|Any CPU
	EndGlobalSection
	GlobalSection(SolutionProperties) = preSolution
		HideSolutionNode = FALSE
	EndGlobalSection
	GlobalSection(ExtensibilityGlobals) = postSolution
		SolutionGuid = {DF8A87A7-0174-49FA-B354-65DA48E398FE}
	EndGlobalSection
EndGlobal
